<?xml version="1.0" encoding="utf-8"?>
<Project ToolsVersion="4.0" xmlns="http://schemas.microsoft.com/developer/msbuild/2003">
  <ItemGroup>
    <ClCompile Include="main.cpp" />
    <ClCompile Include="Shader.cpp">
      <Filter>shader</Filter>
    </ClCompile>
    <ClCompile Include="stb_image_define.cpp">
      <Filter>image</Filter>
    </ClCompile>
    <ClCompile Include="..\..\..\..\My\2018GraduateDesign\OpenGLTool\glad\src\glad.c">
      <Filter>include</Filter>
    </ClCompile>
    <ClCompile Include="Camera.cpp">
      <Filter>camera</Filter>
    </ClCompile>
    <ClCompile Include="Model.cpp">
      <Filter>model</Filter>
    </ClCompile>
    <ClCompile Include="Floor.cpp">
      <Filter>floor</Filter>
    </ClCompile>
    <ClCompile Include="Grass.cpp">
      <Filter>floor</Filter>
    </ClCompile>
    <ClCompile Include="Mesh.cpp">
      <Filter>mesh</Filter>
    </ClCompile>
    <ClCompile Include="Logger.cpp">
      <Filter>log</Filter>
    </ClCompile>
    <ClCompile Include="Texture.cpp">
      <Filter>texture</Filter>
    </ClCompile>
    <ClCompile Include="Material.cpp">
      <Filter>material</Filter>
    </ClCompile>
    <ClCompile Include="TextureCube.cpp">
      <Filter>texture</Filter>
    </ClCompile>
    <ClCompile Include="Scene.cpp">
      <Filter>scene</Filter>
    </ClCompile>
    <ClCompile Include="SceneNode.cpp">
      <Filter>scene</Filter>
    </ClCompile>
    <ClCompile Include="ShaderLoader.cpp">
      <Filter>Loader</Filter>
    </ClCompile>
    <ClCompile Include="TextureLoader.cpp">
      <Filter>Loader</Filter>
    </ClCompile>
    <ClCompile Include="MeshLoader.cpp">
      <Filter>Loader</Filter>
    </ClCompile>
    <ClCompile Include="ResourceLoader.cpp">
      <Filter>Loader</Filter>
    </ClCompile>
    <ClCompile Include="CircleMesh.cpp">
      <Filter>mesh</Filter>
    </ClCompile>
    <ClCompile Include="CubeMesh.cpp">
      <Filter>mesh</Filter>
    </ClCompile>
    <ClCompile Include="PlaneMesh.cpp">
      <Filter>mesh</Filter>
    </ClCompile>
    <ClCompile Include="QuardMesh.cpp">
      <Filter>mesh</Filter>
    </ClCompile>
    <ClCompile Include="SphereMesh.cpp">
      <Filter>mesh</Filter>
    </ClCompile>
    <ClCompile Include="Torus.cpp">
      <Filter>mesh</Filter>
    </ClCompile>
    <ClCompile Include="MD5.cpp">
      <Filter>util</Filter>
    </ClCompile>
    <ClCompile Include="TextRender.cpp">
      <Filter>text</Filter>
    </ClCompile>
  </ItemGroup>
  <ItemGroup>
    <ClInclude Include="Shader.h">
      <Filter>shader</Filter>
    </ClInclude>
    <ClInclude Include="stb_image.h">
      <Filter>image</Filter>
    </ClInclude>
    <ClInclude Include="Camera.h">
      <Filter>camera</Filter>
    </ClInclude>
    <ClInclude Include="Model.h">
      <Filter>model</Filter>
    </ClInclude>
    <ClInclude Include="Floor.h">
      <Filter>floor</Filter>
    </ClInclude>
    <ClInclude Include="Grass.h">
      <Filter>floor</Filter>
    </ClInclude>
    <ClInclude Include="CubeMap.h">
      <Filter>cubeMap</Filter>
    </ClInclude>
    <ClInclude Include="Mesh.h">
      <Filter>mesh</Filter>
    </ClInclude>
    <ClInclude Include="Logger.h">
      <Filter>log</Filter>
    </ClInclude>
    <ClInclude Include="Texture.h">
      <Filter>texture</Filter>
    </ClInclude>
    <ClInclude Include="Material.h">
      <Filter>material</Filter>
    </ClInclude>
    <ClInclude Include="ShaderTypes.h">
      <Filter>shader</Filter>
    </ClInclude>
    <ClInclude Include="TextureCube.h">
      <Filter>texture</Filter>
    </ClInclude>
    <ClInclude Include="Scene.h">
      <Filter>scene</Filter>
    </ClInclude>
    <ClInclude Include="SceneNode.h">
      <Filter>scene</Filter>
    </ClInclude>
    <ClInclude Include="ShaderLoader.h">
      <Filter>Loader</Filter>
    </ClInclude>
    <ClInclude Include="TextureLoader.h">
      <Filter>Loader</Filter>
    </ClInclude>
    <ClInclude Include="MeshLoader.h">
      <Filter>Loader</Filter>
    </ClInclude>
    <ClInclude Include="ResourceLoader.h">
      <Filter>Loader</Filter>
    </ClInclude>
    <ClInclude Include="DirectionalLight.h">
      <Filter>Light</Filter>
    </ClInclude>
    <ClInclude Include="PointLight.h">
      <Filter>Light</Filter>
    </ClInclude>
    <ClInclude Include="CircleMesh.h">
      <Filter>mesh</Filter>
    </ClInclude>
    <ClInclude Include="CubeMesh.h">
      <Filter>mesh</Filter>
    </ClInclude>
    <ClInclude Include="PlaneMesh.h">
      <Filter>mesh</Filter>
    </ClInclude>
    <ClInclude Include="QuardMesh.h">
      <Filter>mesh</Filter>
    </ClInclude>
    <ClInclude Include="SphereMesh.h">
      <Filter>mesh</Filter>
    </ClInclude>
    <ClInclude Include="Torus.h">
      <Filter>mesh</Filter>
    </ClInclude>
    <ClInclude Include="Math.h">
      <Filter>util</Filter>
    </ClInclude>
    <ClInclude Include="SpotLight.h">
      <Filter>Light</Filter>
    </ClInclude>
    <ClInclude Include="MD5.h">
      <Filter>util</Filter>
    </ClInclude>
    <ClInclude Include="TextRender.h">
      <Filter>text</Filter>
    </ClInclude>
  </ItemGroup>
  <ItemGroup>
    <Image Include="container.jpg">
      <Filter>image</Filter>
    </Image>
    <Image Include="wall.jpg">
      <Filter>image</Filter>
    </Image>
    <Image Include="face.jpg">
      <Filter>image</Filter>
    </Image>
    <Image Include="container2_specular.jpg">
      <Filter>image</Filter>
    </Image>
    <Image Include="container2.jpg">
      <Filter>image</Filter>
    </Image>
    <Image Include="matrix.jpg">
      <Filter>image</Filter>
    </Image>
    <Image Include="grass.png">
      <Filter>image</Filter>
    </Image>
  </ItemGroup>
  <ItemGroup>
    <None Include="..\README.md" />
    <None Include="cubeMapShader.vert">
      <Filter>cubeMap</Filter>
    </None>
    <None Include="cubeMapShader.frag">
      <Filter>cubeMap</Filter>
    </None>
    <None Include="GrassShader.frag">
      <Filter>resource</Filter>
    </None>
    <None Include="Light.frag">
      <Filter>resource</Filter>
    </None>
    <None Include="ModelShader.frag">
      <Filter>resource</Filter>
    </None>
    <None Include="ModelShader.vert">
      <Filter>resource</Filter>
    </None>
    <None Include="RTTShader.frag">
      <Filter>resource</Filter>
    </None>
    <None Include="RTTShader.vert">
      <Filter>resource</Filter>
    </None>
    <None Include="Shader.frag">
      <Filter>resource</Filter>
    </None>
    <None Include="Shader.vert">
      <Filter>resource</Filter>
    </None>
    <None Include="DefaultFragShader.frag">
      <Filter>resource</Filter>
    </None>
    <None Include="DefaultVertShader.vert">
      <Filter>resource</Filter>
    </None>
    <None Include="TextShader.vert">
      <Filter>text</Filter>
    </None>
    <None Include="TextShader.frag">
      <Filter>text</Filter>
    </None>
    <None Include="Commom.glsl">
      <Filter>resource</Filter>
    </None>
  </ItemGroup>
  <ItemGroup>
    <Filter Include="image">
      <UniqueIdentifier>{e16c56f2-e182-4461-b77d-efc2a8f96094}</UniqueIdentifier>
    </Filter>
    <Filter Include="shader">
      <UniqueIdentifier>{f3998e6a-fb94-4a89-acd4-dd0abac91907}</UniqueIdentifier>
    </Filter>
    <Filter Include="include">
      <UniqueIdentifier>{fbda84aa-e38e-47b6-8cf5-89df7322f7a2}</UniqueIdentifier>
    </Filter>
    <Filter Include="camera">
      <UniqueIdentifier>{2eb44086-9377-4cad-9538-cda6bebd791e}</UniqueIdentifier>
    </Filter>
    <Filter Include="util">
      <UniqueIdentifier>{0b0bc7a3-16e9-4f58-a43a-f4519c232d3d}</UniqueIdentifier>
    </Filter>
    <Filter Include="model">
      <UniqueIdentifier>{fd562af7-30c1-4ede-8bc6-cc2f0a85ea34}</UniqueIdentifier>
    </Filter>
    <Filter Include="floor">
      <UniqueIdentifier>{a9c6bfed-0a27-4cfa-9421-39d81143dc86}</UniqueIdentifier>
    </Filter>
    <Filter Include="cubeMap">
      <UniqueIdentifier>{59102dd7-999a-4013-9524-324f9a831b7c}</UniqueIdentifier>
    </Filter>
    <Filter Include="material">
      <UniqueIdentifier>{de2a1bdd-f4aa-41f7-a5eb-216274466cbc}</UniqueIdentifier>
    </Filter>
    <Filter Include="scene">
      <UniqueIdentifier>{a52001f6-b665-4ab4-ac6c-3bbe1f1b5a1a}</UniqueIdentifier>
    </Filter>
    <Filter Include="texture">
      <UniqueIdentifier>{2c89788a-f79c-46a5-b2b8-096c874df5a2}</UniqueIdentifier>
    </Filter>
    <Filter Include="resource">
      <UniqueIdentifier>{57f51a6d-2940-48e9-bf6f-578f30e7eb84}</UniqueIdentifier>
    </Filter>
    <Filter Include="mesh">
      <UniqueIdentifier>{cd1e7fbe-7e2a-4a51-b5b3-eca1c879eb6d}</UniqueIdentifier>
    </Filter>
    <Filter Include="log">
      <UniqueIdentifier>{f231ec5c-232d-4987-b863-cbb2b1ef20d0}</UniqueIdentifier>
    </Filter>
    <Filter Include="Loader">
      <UniqueIdentifier>{96eb26b5-b13f-475b-badc-7da32fbeff92}</UniqueIdentifier>
    </Filter>
    <Filter Include="Light">
      <UniqueIdentifier>{1f5fde3c-14b7-464e-808e-ea82b7a757ae}</UniqueIdentifier>
    </Filter>
    <Filter Include="text">
      <UniqueIdentifier>{e8b805f2-0847-4936-bc82-b49d64808995}</UniqueIdentifier>
    </Filter>
  </ItemGroup>
</Project>