<?xml version="1.0" encoding="utf-8"?>
<Project ToolsVersion="4.0" xmlns="http://schemas.microsoft.com/developer/msbuild/2003">
  <ItemGroup>
    <ClCompile Include="main.cpp" />
    <ClCompile Include="Shader.cpp">
      <Filter>shader</Filter>
    </ClCompile>
    <ClCompile Include="stb_image_define.cpp">
      <Filter>image</Filter>
    </ClCompile>
    <ClCompile Include="..\..\..\..\My\2018GraduateDesign\OpenGLTool\glad\src\glad.c">
      <Filter>include</Filter>
    </ClCompile>
    <ClCompile Include="Camera.cpp">
      <Filter>camera</Filter>
    </ClCompile>
    <ClCompile Include="Utils.cpp">
      <Filter>util</Filter>
    </ClCompile>
    <ClCompile Include="Mesh.cpp">
      <Filter>model</Filter>
    </ClCompile>
    <ClCompile Include="Model.cpp">
      <Filter>model</Filter>
    </ClCompile>
    <ClCompile Include="Floor.cpp">
      <Filter>floor</Filter>
    </ClCompile>
  </ItemGroup>
  <ItemGroup>
    <ClInclude Include="Shader.h">
      <Filter>shader</Filter>
    </ClInclude>
    <ClInclude Include="stb_image.h">
      <Filter>image</Filter>
    </ClInclude>
    <ClInclude Include="Camera.h">
      <Filter>camera</Filter>
    </ClInclude>
    <ClInclude Include="Mesh.h">
      <Filter>model</Filter>
    </ClInclude>
    <ClInclude Include="Model.h">
      <Filter>model</Filter>
    </ClInclude>
    <ClInclude Include="Floor.h">
      <Filter>floor</Filter>
    </ClInclude>
  </ItemGroup>
  <ItemGroup>
    <Image Include="container.jpg">
      <Filter>image</Filter>
    </Image>
    <Image Include="wall.jpg">
      <Filter>image</Filter>
    </Image>
    <Image Include="face.jpg">
      <Filter>image</Filter>
    </Image>
    <Image Include="container2_specular.jpg">
      <Filter>image</Filter>
    </Image>
    <Image Include="container2.jpg">
      <Filter>image</Filter>
    </Image>
    <Image Include="matrix.jpg">
      <Filter>image</Filter>
    </Image>
  </ItemGroup>
  <ItemGroup>
    <None Include="..\README.md" />
    <None Include="Shader.fs">
      <Filter>shader</Filter>
    </None>
    <None Include="Shader.vs">
      <Filter>shader</Filter>
    </None>
    <None Include="Light.fs">
      <Filter>shader</Filter>
    </None>
    <None Include="ModelShader.vs">
      <Filter>shader</Filter>
    </None>
    <None Include="ModelShader.fs">
      <Filter>shader</Filter>
    </None>
  </ItemGroup>
  <ItemGroup>
    <Filter Include="image">
      <UniqueIdentifier>{e16c56f2-e182-4461-b77d-efc2a8f96094}</UniqueIdentifier>
    </Filter>
    <Filter Include="shader">
      <UniqueIdentifier>{f3998e6a-fb94-4a89-acd4-dd0abac91907}</UniqueIdentifier>
    </Filter>
    <Filter Include="include">
      <UniqueIdentifier>{fbda84aa-e38e-47b6-8cf5-89df7322f7a2}</UniqueIdentifier>
    </Filter>
    <Filter Include="camera">
      <UniqueIdentifier>{2eb44086-9377-4cad-9538-cda6bebd791e}</UniqueIdentifier>
    </Filter>
    <Filter Include="util">
      <UniqueIdentifier>{0b0bc7a3-16e9-4f58-a43a-f4519c232d3d}</UniqueIdentifier>
    </Filter>
    <Filter Include="model">
      <UniqueIdentifier>{fd562af7-30c1-4ede-8bc6-cc2f0a85ea34}</UniqueIdentifier>
    </Filter>
    <Filter Include="floor">
      <UniqueIdentifier>{a9c6bfed-0a27-4cfa-9421-39d81143dc86}</UniqueIdentifier>
    </Filter>
  </ItemGroup>
</Project>